
Microsoft Visual Studio Solution File, Format Version 12.00
# Visual Studio Version 16
VisualStudioVersion = 16.0.31729.503
MinimumVisualStudioVersion = 10.0.40219.1
Project("{FAE04EC0-301F-11D3-BF4B-00C04F79EFBC}") = "TestAppUpdate", "TestAppUpdate\TestAppUpdate.csproj", "{E391A110-6D95-4E4A-8E3B-E547D2C81C0B}"
EndProject
Global
	GlobalSection(SolutionConfigurationPlatforms) = preSolution
		Debug|Any CPU = Debug|Any CPU
		Release|Any CPU = Release|Any CPU
	EndGlobalSection
	GlobalSection(ProjectConfigurationPlatforms) = postSolution
		{E391A110-6D95-4E4A-8E3B-E547D2C81C0B}.Debug|Any CPU.ActiveCfg = Debug|Any CPU
		{E391A110-6D95-4E4A-8E3B-E547D2C81C0B}.Debug|Any CPU.Build.0 = Debug|Any CPU
		{E391A110-6D95-4E4A-8E3B-E547D2C81C0B}.Release|Any CPU.ActiveCfg = Release|Any CPU
		{E391A110-6D95-4E4A-8E3B-E547D2C81C0B}.Release|Any CPU.Build.0 = Release|Any CPU
	EndGlobalSection
	GlobalSection(SolutionProperties) = preSolution
		HideSolutionNode = FALSE
	EndGlobalSection
	GlobalSection(ExtensibilityGlobals) = postSolution
		SolutionGuid = {C4F36F1D-557B-4C4A-8D76-AFD59DA77DEE}
	EndGlobalSection
EndGlobal
